
Microsoft Visual Studio Solution File, Format Version 12.00
# Visual Studio 15
VisualStudioVersion = 15.0.27130.2036
MinimumVisualStudioVersion = 10.0.40219.1
Project("{888888A0-9F3D-457C-B088-3A5042F75D52}") = "FIX_reconciliation", "FIX_reconciliation\FIX_reconciliation.pyproj", "{42F65C9B-5D82-4691-942A-B174EDCF92DF}"
EndProject
Global
	GlobalSection(SolutionConfigurationPlatforms) = preSolution
		Debug|Any CPU = Debug|Any CPU
		Release|Any CPU = Release|Any CPU
	EndGlobalSection
	GlobalSection(ProjectConfigurationPlatforms) = postSolution
		{42F65C9B-5D82-4691-942A-B174EDCF92DF}.Debug|Any CPU.ActiveCfg = Debug|Any CPU
		{42F65C9B-5D82-4691-942A-B174EDCF92DF}.Release|Any CPU.ActiveCfg = Release|Any CPU
	EndGlobalSection
	GlobalSection(SolutionProperties) = preSolution
		HideSolutionNode = FALSE
	EndGlobalSection
	GlobalSection(ExtensibilityGlobals) = postSolution
		SolutionGuid = {7B5081CA-CFEE-4B1C-8525-1D34D5585C64}
	EndGlobalSection
EndGlobal
